
Microsoft Visual Studio Solution File, Format Version 12.00
# Visual Studio Version 17
VisualStudioVersion = 17.8.34309.116
MinimumVisualStudioVersion = 10.0.40219.1
Project("{FAE04EC0-301F-11D3-BF4B-00C04F79EFBC}") = "WinFormsApp1", "WinFormsApp1.csproj", "{848278F3-639D-403D-9777-1FC825D55EB5}"
EndProject
Global
	GlobalSection(SolutionConfigurationPlatforms) = preSolution
		Debug|Any CPU = Debug|Any CPU
		Release|Any CPU = Release|Any CPU
	EndGlobalSection
	GlobalSection(ProjectConfigurationPlatforms) = postSolution
		{848278F3-639D-403D-9777-1FC825D55EB5}.Debug|Any CPU.ActiveCfg = Debug|Any CPU
		{848278F3-639D-403D-9777-1FC825D55EB5}.Debug|Any CPU.Build.0 = Debug|Any CPU
		{848278F3-639D-403D-9777-1FC825D55EB5}.Release|Any CPU.ActiveCfg = Release|Any CPU
		{848278F3-639D-403D-9777-1FC825D55EB5}.Release|Any CPU.Build.0 = Release|Any CPU
	EndGlobalSection
	GlobalSection(SolutionProperties) = preSolution
		HideSolutionNode = FALSE
	EndGlobalSection
	GlobalSection(ExtensibilityGlobals) = postSolution
		SolutionGuid = {F5889106-9FF4-47FF-9C63-6E515DC7695C}
	EndGlobalSection
EndGlobal
